
Microsoft Visual Studio Solution File, Format Version 12.00
# Visual Studio Version 17
VisualStudioVersion = 17.3.32901.215
MinimumVisualStudioVersion = 10.0.40219.1
Project("{FAE04EC0-301F-11D3-BF4B-00C04F79EFBC}") = "labelrenk", "labelrenk\labelrenk.csproj", "{1E5031FD-A6F2-4790-B119-A5364897E64F}"
EndProject
Global
	GlobalSection(SolutionConfigurationPlatforms) = preSolution
		Debug|Any CPU = Debug|Any CPU
		Release|Any CPU = Release|Any CPU
	EndGlobalSection
	GlobalSection(ProjectConfigurationPlatforms) = postSolution
		{1E5031FD-A6F2-4790-B119-A5364897E64F}.Debug|Any CPU.ActiveCfg = Debug|Any CPU
		{1E5031FD-A6F2-4790-B119-A5364897E64F}.Debug|Any CPU.Build.0 = Debug|Any CPU
		{1E5031FD-A6F2-4790-B119-A5364897E64F}.Release|Any CPU.ActiveCfg = Release|Any CPU
		{1E5031FD-A6F2-4790-B119-A5364897E64F}.Release|Any CPU.Build.0 = Release|Any CPU
	EndGlobalSection
	GlobalSection(SolutionProperties) = preSolution
		HideSolutionNode = FALSE
	EndGlobalSection
	GlobalSection(ExtensibilityGlobals) = postSolution
		SolutionGuid = {62F9EE83-B189-41FB-A972-581877A10D01}
	EndGlobalSection
EndGlobal
